
Microsoft Visual Studio Solution File, Format Version 12.00
# Visual Studio Version 17
VisualStudioVersion = 17.3.32825.248
MinimumVisualStudioVersion = 10.0.40219.1
Project("{9A19103F-16F7-4668-BE54-9A1E7A4F7556}") = "TinyScreen", "TinyScreen.csproj", "{BEF4EE25-2DF6-43EC-AD0D-80080DE9AAAE}"
EndProject
Project("{9A19103F-16F7-4668-BE54-9A1E7A4F7556}") = "SteamLibrarySource", "..\Plugins\SteamLibrarySource\SteamLibrarySource.csproj", "{FE3AD83B-7B8C-4A9B-9A28-D6E82EFD94BE}"
EndProject
Project("{9A19103F-16F7-4668-BE54-9A1E7A4F7556}") = "TemplateLibrarySource", "..\Plugins\TemplateLibrarySource\TemplateLibrarySource.csproj", "{6B5B2D65-DD2D-4A97-BE32-9A2EDF9C0AAE}"
EndProject
Project("{9A19103F-16F7-4668-BE54-9A1E7A4F7556}") = "RetroArchLibrarySource", "..\Plugins\RetroArchLibrarySource\RetroArchLibrarySource.csproj", "{98937A84-9122-4B30-97C2-19F682D5F801}"
EndProject
Project("{2150E333-8FDC-42A3-9474-1A3956D46DE8}") = "LibrarySources", "LibrarySources", "{EA567C71-F276-4153-9C10-1BBA605B4D57}"
EndProject
Project("{9A19103F-16F7-4668-BE54-9A1E7A4F7556}") = "XboxLibrarySource", "..\Plugins\XboxLibrarySource\XboxLibrarySource.csproj", "{C5AB6FFC-7C64-4AB0-83B6-29BC546964B5}"
EndProject
Project("{9A19103F-16F7-4668-BE54-9A1E7A4F7556}") = "EGSLibrarySource", "..\Plugins\EGSLibrarySource\EGSLibrarySource.csproj", "{D8BEA850-4B69-4AEA-AB92-D036ED4F0A54}"
EndProject
Project("{9A19103F-16F7-4668-BE54-9A1E7A4F7556}") = "Common", "..\Common\Common.csproj", "{881DE072-4480-418B-B441-A0937CC10369}"
EndProject
Project("{2150E333-8FDC-42A3-9474-1A3956D46DE8}") = "GameDataProviders", "GameDataProviders", "{BEC4A8BC-C5BB-49F3-BB01-A39A72F6F967}"
EndProject
Project("{FAE04EC0-301F-11D3-BF4B-00C04F79EFBC}") = "TemplateGameDataProvider", "..\Plugins\TemplateGameDataProvider\TemplateGameDataProvider.csproj", "{5C5D04DA-F657-481A-B216-9982BACB8C7D}"
EndProject
Global
	GlobalSection(SolutionConfigurationPlatforms) = preSolution
		Debug|Any CPU = Debug|Any CPU
		ExportDebug|Any CPU = ExportDebug|Any CPU
		ExportRelease|Any CPU = ExportRelease|Any CPU
		Release|Any CPU = Release|Any CPU
	EndGlobalSection
	GlobalSection(ProjectConfigurationPlatforms) = postSolution
		{BEF4EE25-2DF6-43EC-AD0D-80080DE9AAAE}.Debug|Any CPU.ActiveCfg = Debug|Any CPU
		{BEF4EE25-2DF6-43EC-AD0D-80080DE9AAAE}.Debug|Any CPU.Build.0 = Debug|Any CPU
		{BEF4EE25-2DF6-43EC-AD0D-80080DE9AAAE}.ExportDebug|Any CPU.ActiveCfg = ExportDebug|Any CPU
		{BEF4EE25-2DF6-43EC-AD0D-80080DE9AAAE}.ExportDebug|Any CPU.Build.0 = ExportDebug|Any CPU
		{BEF4EE25-2DF6-43EC-AD0D-80080DE9AAAE}.ExportRelease|Any CPU.ActiveCfg = ExportRelease|Any CPU
		{BEF4EE25-2DF6-43EC-AD0D-80080DE9AAAE}.ExportRelease|Any CPU.Build.0 = ExportRelease|Any CPU
		{BEF4EE25-2DF6-43EC-AD0D-80080DE9AAAE}.Release|Any CPU.ActiveCfg = ExportRelease|Any CPU
		{BEF4EE25-2DF6-43EC-AD0D-80080DE9AAAE}.Release|Any CPU.Build.0 = ExportRelease|Any CPU
		{FE3AD83B-7B8C-4A9B-9A28-D6E82EFD94BE}.Debug|Any CPU.ActiveCfg = Debug|Any CPU
		{FE3AD83B-7B8C-4A9B-9A28-D6E82EFD94BE}.Debug|Any CPU.Build.0 = Debug|Any CPU
		{FE3AD83B-7B8C-4A9B-9A28-D6E82EFD94BE}.ExportDebug|Any CPU.ActiveCfg = Debug|Any CPU
		{FE3AD83B-7B8C-4A9B-9A28-D6E82EFD94BE}.ExportDebug|Any CPU.Build.0 = Debug|Any CPU
		{FE3AD83B-7B8C-4A9B-9A28-D6E82EFD94BE}.ExportRelease|Any CPU.ActiveCfg = Release|Any CPU
		{FE3AD83B-7B8C-4A9B-9A28-D6E82EFD94BE}.ExportRelease|Any CPU.Build.0 = Release|Any CPU
		{FE3AD83B-7B8C-4A9B-9A28-D6E82EFD94BE}.Release|Any CPU.ActiveCfg = Release|Any CPU
		{FE3AD83B-7B8C-4A9B-9A28-D6E82EFD94BE}.Release|Any CPU.Build.0 = Release|Any CPU
		{6B5B2D65-DD2D-4A97-BE32-9A2EDF9C0AAE}.Debug|Any CPU.ActiveCfg = Debug|Any CPU
		{6B5B2D65-DD2D-4A97-BE32-9A2EDF9C0AAE}.Debug|Any CPU.Build.0 = Debug|Any CPU
		{6B5B2D65-DD2D-4A97-BE32-9A2EDF9C0AAE}.ExportDebug|Any CPU.ActiveCfg = Debug|Any CPU
		{6B5B2D65-DD2D-4A97-BE32-9A2EDF9C0AAE}.ExportDebug|Any CPU.Build.0 = Debug|Any CPU
		{6B5B2D65-DD2D-4A97-BE32-9A2EDF9C0AAE}.ExportRelease|Any CPU.ActiveCfg = Release|Any CPU
		{6B5B2D65-DD2D-4A97-BE32-9A2EDF9C0AAE}.ExportRelease|Any CPU.Build.0 = Release|Any CPU
		{6B5B2D65-DD2D-4A97-BE32-9A2EDF9C0AAE}.Release|Any CPU.ActiveCfg = Release|Any CPU
		{6B5B2D65-DD2D-4A97-BE32-9A2EDF9C0AAE}.Release|Any CPU.Build.0 = Release|Any CPU
		{98937A84-9122-4B30-97C2-19F682D5F801}.Debug|Any CPU.ActiveCfg = Debug|Any CPU
		{98937A84-9122-4B30-97C2-19F682D5F801}.Debug|Any CPU.Build.0 = Debug|Any CPU
		{98937A84-9122-4B30-97C2-19F682D5F801}.ExportDebug|Any CPU.ActiveCfg = Debug|Any CPU
		{98937A84-9122-4B30-97C2-19F682D5F801}.ExportDebug|Any CPU.Build.0 = Debug|Any CPU
		{98937A84-9122-4B30-97C2-19F682D5F801}.ExportRelease|Any CPU.ActiveCfg = Debug|Any CPU
		{98937A84-9122-4B30-97C2-19F682D5F801}.ExportRelease|Any CPU.Build.0 = Debug|Any CPU
		{98937A84-9122-4B30-97C2-19F682D5F801}.Release|Any CPU.ActiveCfg = Release|Any CPU
		{98937A84-9122-4B30-97C2-19F682D5F801}.Release|Any CPU.Build.0 = Release|Any CPU
		{C5AB6FFC-7C64-4AB0-83B6-29BC546964B5}.Debug|Any CPU.ActiveCfg = Debug|Any CPU
		{C5AB6FFC-7C64-4AB0-83B6-29BC546964B5}.Debug|Any CPU.Build.0 = Debug|Any CPU
		{C5AB6FFC-7C64-4AB0-83B6-29BC546964B5}.ExportDebug|Any CPU.ActiveCfg = Debug|Any CPU
		{C5AB6FFC-7C64-4AB0-83B6-29BC546964B5}.ExportDebug|Any CPU.Build.0 = Debug|Any CPU
		{C5AB6FFC-7C64-4AB0-83B6-29BC546964B5}.ExportRelease|Any CPU.ActiveCfg = Debug|Any CPU
		{C5AB6FFC-7C64-4AB0-83B6-29BC546964B5}.ExportRelease|Any CPU.Build.0 = Debug|Any CPU
		{C5AB6FFC-7C64-4AB0-83B6-29BC546964B5}.Release|Any CPU.ActiveCfg = Release|Any CPU
		{C5AB6FFC-7C64-4AB0-83B6-29BC546964B5}.Release|Any CPU.Build.0 = Release|Any CPU
		{D8BEA850-4B69-4AEA-AB92-D036ED4F0A54}.Debug|Any CPU.ActiveCfg = Debug|Any CPU
		{D8BEA850-4B69-4AEA-AB92-D036ED4F0A54}.Debug|Any CPU.Build.0 = Debug|Any CPU
		{D8BEA850-4B69-4AEA-AB92-D036ED4F0A54}.ExportDebug|Any CPU.ActiveCfg = Debug|Any CPU
		{D8BEA850-4B69-4AEA-AB92-D036ED4F0A54}.ExportDebug|Any CPU.Build.0 = Debug|Any CPU
		{D8BEA850-4B69-4AEA-AB92-D036ED4F0A54}.ExportRelease|Any CPU.ActiveCfg = Debug|Any CPU
		{D8BEA850-4B69-4AEA-AB92-D036ED4F0A54}.ExportRelease|Any CPU.Build.0 = Debug|Any CPU
		{D8BEA850-4B69-4AEA-AB92-D036ED4F0A54}.Release|Any CPU.ActiveCfg = Release|Any CPU
		{D8BEA850-4B69-4AEA-AB92-D036ED4F0A54}.Release|Any CPU.Build.0 = Release|Any CPU
		{881DE072-4480-418B-B441-A0937CC10369}.Debug|Any CPU.ActiveCfg = Debug|Any CPU
		{881DE072-4480-418B-B441-A0937CC10369}.Debug|Any CPU.Build.0 = Debug|Any CPU
		{881DE072-4480-418B-B441-A0937CC10369}.ExportDebug|Any CPU.ActiveCfg = ExportDebug|Any CPU
		{881DE072-4480-418B-B441-A0937CC10369}.ExportDebug|Any CPU.Build.0 = ExportDebug|Any CPU
		{881DE072-4480-418B-B441-A0937CC10369}.ExportRelease|Any CPU.ActiveCfg = ExportRelease|Any CPU
		{881DE072-4480-418B-B441-A0937CC10369}.ExportRelease|Any CPU.Build.0 = ExportRelease|Any CPU
		{881DE072-4480-418B-B441-A0937CC10369}.Release|Any CPU.ActiveCfg = ExportRelease|Any CPU
		{881DE072-4480-418B-B441-A0937CC10369}.Release|Any CPU.Build.0 = ExportRelease|Any CPU
		{5C5D04DA-F657-481A-B216-9982BACB8C7D}.Debug|Any CPU.ActiveCfg = Debug|Any CPU
		{5C5D04DA-F657-481A-B216-9982BACB8C7D}.Debug|Any CPU.Build.0 = Debug|Any CPU
		{5C5D04DA-F657-481A-B216-9982BACB8C7D}.ExportDebug|Any CPU.ActiveCfg = Debug|Any CPU
		{5C5D04DA-F657-481A-B216-9982BACB8C7D}.ExportDebug|Any CPU.Build.0 = Debug|Any CPU
		{5C5D04DA-F657-481A-B216-9982BACB8C7D}.ExportRelease|Any CPU.ActiveCfg = Debug|Any CPU
		{5C5D04DA-F657-481A-B216-9982BACB8C7D}.ExportRelease|Any CPU.Build.0 = Debug|Any CPU
		{5C5D04DA-F657-481A-B216-9982BACB8C7D}.Release|Any CPU.ActiveCfg = Release|Any CPU
		{5C5D04DA-F657-481A-B216-9982BACB8C7D}.Release|Any CPU.Build.0 = Release|Any CPU
	EndGlobalSection
	GlobalSection(SolutionProperties) = preSolution
		HideSolutionNode = FALSE
	EndGlobalSection
	GlobalSection(NestedProjects) = preSolution
		{FE3AD83B-7B8C-4A9B-9A28-D6E82EFD94BE} = {EA567C71-F276-4153-9C10-1BBA605B4D57}
		{6B5B2D65-DD2D-4A97-BE32-9A2EDF9C0AAE} = {EA567C71-F276-4153-9C10-1BBA605B4D57}
		{98937A84-9122-4B30-97C2-19F682D5F801} = {EA567C71-F276-4153-9C10-1BBA605B4D57}
		{C5AB6FFC-7C64-4AB0-83B6-29BC546964B5} = {EA567C71-F276-4153-9C10-1BBA605B4D57}
		{D8BEA850-4B69-4AEA-AB92-D036ED4F0A54} = {EA567C71-F276-4153-9C10-1BBA605B4D57}
		{5C5D04DA-F657-481A-B216-9982BACB8C7D} = {BEC4A8BC-C5BB-49F3-BB01-A39A72F6F967}
	EndGlobalSection
	GlobalSection(ExtensibilityGlobals) = postSolution
		SolutionGuid = {489C9F49-CD31-4E46-BF81-9FF06BCC9554}
	EndGlobalSection
EndGlobal
